{
  "originHash" : "4cfb6fae0ea0aa48e0e642664c93bc8e6f23712e0abb204e25aea3cf78764fd2",
  "pins" : [
    {
      "identity" : "alertkit",
      "kind" : "remoteSourceControl",
      "location" : "https://github.com/sparrowcode/AlertKit",
      "state" : {
        "revision" : "3b73be8db5a7e7efaf474c6ed919f5a437d843c9",
        "version" : "5.1.9"
      }
    },
    {
      "identity" : "swipeactions",
      "kind" : "remoteSourceControl",
      "location" : "https://github.com/aheze/SwipeActions",
      "state" : {
        "revision" : "41e6f6dce02d8cfa164f8c5461a41340850ca3ab",
        "version" : "1.1.0"
      }
    }
  ],
  "version" : 3
}
